schema: '2.0'
stages:
  data_ingestion:
    cmd: python src/data_ingestion.py
    deps:
    - path: experiments/email.csv
      hash: md5
      md5: 4d917597e3f2d4729534120d10243d74
      size: 480163
    - path: src/data_ingestion.py
      hash: md5
      md5: 1be173c3b70d3895a6b51898555b55c3
      size: 3308
    outs:
    - path: data/raw/test_data.csv
      hash: md5
      md5: e4ea590f276b0cba03dcdad6546ebdf4
      size: 96789
    - path: data/raw/train_data.csv
      hash: md5
      md5: c52fcf161418426b6dcd87404e7ee6a3
      size: 388961
  data_preprocessing:
    cmd: python src/data_preprocessing.py
    deps:
    - path: data/raw/test_data.csv
      hash: md5
      md5: e4ea590f276b0cba03dcdad6546ebdf4
      size: 96789
    - path: data/raw/train_data.csv
      hash: md5
      md5: c52fcf161418426b6dcd87404e7ee6a3
      size: 388961
    - path: src/data_preprocessing.py
      hash: md5
      md5: 9396a0cfab8e3272f911cc39157ea5e0
      size: 3894
    outs:
    - path: data/interim/test_processed_data.csv
      hash: md5
      md5: e0961ed20201a5ffc07f87202fccac5a
      size: 54480
    - path: data/interim/train_processed_data.csv
      hash: md5
      md5: cc6b89aba423fcecd324de84acdf5843
      size: 208054
  feature_engineerning:
    cmd: python src/feature_engineerning.py
    deps:
    - path: data/interim/test_processed_data.csv
      hash: md5
      md5: e0961ed20201a5ffc07f87202fccac5a
      size: 54480
    - path: data/interim/train_processed_data.csv
      hash: md5
      md5: cc6b89aba423fcecd324de84acdf5843
      size: 208054
    - path: src/feature_engineerning.py
      hash: md5
      md5: f7f05db2cfd46f5185ad03846396c30b
      size: 3640
    outs:
    - path: data/processed/test_tfidf.csv
      hash: md5
      md5: 80b6b3d5df3dd7d4aac5aee085bfa204
      size: 26558237
    - path: data/processed/train_tfidf.csv
      hash: md5
      md5: 45af864b6b341aba17921419991535fd
      size: 101382565
  model_training:
    cmd: python src/model_training.py
    deps:
    - path: data/processed/test_tfidf.csv
      hash: md5
      md5: 80b6b3d5df3dd7d4aac5aee085bfa204
      size: 26558237
    - path: data/processed/train_tfidf.csv
      hash: md5
      md5: 45af864b6b341aba17921419991535fd
      size: 101382565
    - path: src/model_training.py
      hash: md5
      md5: e4a6905e2c39c04c09fd4cab9a42bcbd
      size: 3903
    outs:
    - path: models/model.pkl
      hash: md5
      md5: 530ddf5a69a16a255390055f4a7168f8
      size: 53841170
  model_evaluation:
    cmd: python src/model_evluation.py
    deps:
    - path: data/processed/test_tfidf.csv
      hash: md5
      md5: 80b6b3d5df3dd7d4aac5aee085bfa204
      size: 26558237
    - path: models/model.pkl
      hash: md5
      md5: 530ddf5a69a16a255390055f4a7168f8
      size: 53841170
    - path: src/model_evluation.py
      hash: md5
      md5: 91a889d438b0c729957becdcf62ff9d0
      size: 3210
    outs:
    - path: models/metrics.json
      hash: md5
      md5: 2e416d285c422cbe38d29eeaf2099aa5
      size: 540
